{"format_version":"1.2","terraform_version":"1.9.8","variables":{"vms":{"value":{"dev-vm":{"machine_type":"e2-micro","zone":"us-central1-a"}}}},"planned_values":{"root_module":{"child_modules":[{"resources":[{"address":"module.vm.google_compute_instance.vm[\"dev-vm\"]","mode":"managed","type":"google_compute_instance","name":"vm","index":"dev-vm","provider_name":"registry.terraform.io/hashicorp/google","schema_version":6,"values":{"advanced_machine_features":[],"allow_stopping_for_update":null,"attached_disk":[],"boot_disk":[{"auto_delete":true,"disk_encryption_key_raw":null,"initialize_params":[{"enable_confidential_compute":null,"image":"debian-cloud/debian-11","resource_manager_tags":null,"storage_pool":null}],"mode":"READ_WRITE"}],"can_ip_forward":false,"deletion_protection":false,"description":null,"desired_status":null,"enable_display":null,"hostname":null,"labels":null,"machine_type":"e2-micro","metadata":null,"metadata_startup_script":null,"name":"dev-vm","network_interface":[{"access_config":[{"public_ptr_domain_name":null}],"alias_ip_range":[],"ipv6_access_config":[],"network":"default","nic_type":null,"queue_count":null}],"network_performance_config":[],"params":[],"project":"golden-keel-479411-a0","resource_policies":null,"scratch_disk":[],"service_account":[],"shielded_instance_config":[],"tags":null,"timeouts":null,"zone":"us-central1-a"},"sensitive_values":{"advanced_machine_features":[],"attached_disk":[],"boot_disk":[{"disk_encryption_key_raw":true,"initialize_params":[{"labels":{}}]}],"confidential_instance_config":[],"effective_labels":{},"guest_accelerator":[],"network_interface":[{"access_config":[{}],"alias_ip_range":[],"ipv6_access_config":[]}],"network_performance_config":[],"params":[],"reservation_affinity":[],"scheduling":[],"scratch_disk":[],"service_account":[],"shielded_instance_config":[],"terraform_labels":{}}}],"address":"module.vm"}]}},"resource_changes":[{"address":"module.vm.google_compute_instance.vm[\"dev-vm\"]","module_address":"module.vm","mode":"managed","type":"google_compute_instance","name":"vm","index":"dev-vm","provider_name":"registry.terraform.io/hashicorp/google","change":{"actions":["create"],"before":null,"after":{"advanced_machine_features":[],"allow_stopping_for_update":null,"attached_disk":[],"boot_disk":[{"auto_delete":true,"disk_encryption_key_raw":null,"initialize_params":[{"enable_confidential_compute":null,"image":"debian-cloud/debian-11","resource_manager_tags":null,"storage_pool":null}],"mode":"READ_WRITE"}],"can_ip_forward":false,"deletion_protection":false,"description":null,"desired_status":null,"enable_display":null,"hostname":null,"labels":null,"machine_type":"e2-micro","metadata":null,"metadata_startup_script":null,"name":"dev-vm","network_interface":[{"access_config":[{"public_ptr_domain_name":null}],"alias_ip_range":[],"ipv6_access_config":[],"network":"default","nic_type":null,"queue_count":null}],"network_performance_config":[],"params":[],"project":"golden-keel-479411-a0","resource_policies":null,"scratch_disk":[],"service_account":[],"shielded_instance_config":[],"tags":null,"timeouts":null,"zone":"us-central1-a"},"after_unknown":{"advanced_machine_features":[],"attached_disk":[],"boot_disk":[{"device_name":true,"disk_encryption_key_sha256":true,"initialize_params":[{"labels":true,"provisioned_iops":true,"provisioned_throughput":true,"size":true,"type":true}],"kms_key_self_link":true,"source":true}],"confidential_instance_config":true,"cpu_platform":true,"current_status":true,"effective_labels":true,"guest_accelerator":true,"id":true,"instance_id":true,"label_fingerprint":true,"metadata_fingerprint":true,"min_cpu_platform":true,"network_interface":[{"access_config":[{"nat_ip":true,"network_tier":true}],"alias_ip_range":[],"internal_ipv6_prefix_length":true,"ipv6_access_config":[],"ipv6_access_type":true,"ipv6_address":true,"name":true,"network_ip":true,"stack_type":true,"subnetwork":true,"subnetwork_project":true}],"network_performance_config":[],"params":[],"reservation_affinity":true,"scheduling":true,"scratch_disk":[],"self_link":true,"service_account":[],"shielded_instance_config":[],"tags_fingerprint":true,"terraform_labels":true},"before_sensitive":false,"after_sensitive":{"advanced_machine_features":[],"attached_disk":[],"boot_disk":[{"disk_encryption_key_raw":true,"initialize_params":[{"labels":{}}]}],"confidential_instance_config":[],"effective_labels":{},"guest_accelerator":[],"network_interface":[{"access_config":[{}],"alias_ip_range":[],"ipv6_access_config":[]}],"network_performance_config":[],"params":[],"reservation_affinity":[],"scheduling":[],"scratch_disk":[],"service_account":[],"shielded_instance_config":[],"terraform_labels":{}}}}],"configuration":{"provider_config":{"google":{"name":"google","full_name":"registry.terraform.io/hashicorp/google","version_constraint":"~\u003e 5.0","expressions":{"project":{"constant_value":"golden-keel-479411-a0"},"region":{"constant_value":"us-central1"}}}},"root_module":{"module_calls":{"vm":{"source":"./modules/compute","expressions":{"vms":{"references":["var.vms"]}},"module":{"resources":[{"address":"google_compute_instance.vm","mode":"managed","type":"google_compute_instance","name":"vm","provider_config_key":"google","expressions":{"boot_disk":[{"initialize_params":[{"image":{"constant_value":"debian-cloud/debian-11"}}]}],"machine_type":{"references":["each.value.machine_type","each.value"]},"name":{"references":["each.key"]},"network_interface":[{"access_config":[{}],"network":{"constant_value":"default"}}],"zone":{"references":["each.value.zone","each.value"]}},"schema_version":6,"for_each_expression":{"references":["var.vms"]}}],"variables":{"vms":{}}}}},"variables":{"vms":{}}}},"timestamp":"2026-01-30T07:22:53Z","applyable":true,"complete":true,"errored":false}
